{
  "name": "arne-drums",
  "version": "1.0.0",
  "lockfileVersion": 1,
  "requires": true,
  "dependencies": {
    "svelte": {
      "version": "3.42.1",
      "resolved": "https://registry.npmjs.org/svelte/-/svelte-3.42.1.tgz",
      "integrity": "sha512-XtExLd2JAU3T7M2g/DkO3UNj/3n1WdTXrfL63OZ5nZq7nAqd9wQw+lR4Pv/wkVbrWbAIPfLDX47UjFdmnY+YtQ=="
    }
  }
}
